
Microsoft Visual Studio Solution File, Format Version 12.00
Project("{FAE04EC0-301F-11D3-BF4B-00C04F79EFBC}") = "CLR-UDT-App", "CLR-UDT-App\CLR-UDT-App.csproj", "{087E1A6B-A7C9-4AA5-A86E-8B5B203641ED}"
EndProject
Global
	GlobalSection(SolutionConfigurationPlatforms) = preSolution
		Debug|Any CPU = Debug|Any CPU
		Release|Any CPU = Release|Any CPU
	EndGlobalSection
	GlobalSection(ProjectConfigurationPlatforms) = postSolution
		{087E1A6B-A7C9-4AA5-A86E-8B5B203641ED}.Debug|Any CPU.ActiveCfg = Debug|Any CPU
		{087E1A6B-A7C9-4AA5-A86E-8B5B203641ED}.Debug|Any CPU.Build.0 = Debug|Any CPU
		{087E1A6B-A7C9-4AA5-A86E-8B5B203641ED}.Release|Any CPU.ActiveCfg = Release|Any CPU
		{087E1A6B-A7C9-4AA5-A86E-8B5B203641ED}.Release|Any CPU.Build.0 = Release|Any CPU
	EndGlobalSection
EndGlobal
